
Microsoft Visual Studio Solution File, Format Version 12.00
# Visual Studio Version 17
VisualStudioVersion = 17.7.34009.444
MinimumVisualStudioVersion = 10.0.40219.1
Project("{FAE04EC0-301F-11D3-BF4B-00C04F79EFBC}") = "PrintNoteAddin", "PrintNoteAddin\PrintNoteAddin.csproj", "{D874E185-08FE-48C5-BADE-0FE84060C978}"
EndProject
Project("{54435603-DBB4-11D2-8724-00A0C9A8B90C}") = "Setup", "Setup\Setup.vdproj", "{288265D6-3A52-46A9-9B15-2BAD1B9F3C02}"
EndProject
Project("{54435603-DBB4-11D2-8724-00A0C9A8B90C}") = "SetupX86", "SetupX86\SetupX86.vdproj", "{610B97A7-752E-4501-8415-A40251735F85}"
EndProject
Project("{FAE04EC0-301F-11D3-BF4B-00C04F79EFBC}") = "CustomSize", "CustomSize\CustomSize.csproj", "{8D6C72E6-E27E-41E5-892E-949364613BB6}"
EndProject
Global
	GlobalSection(SolutionConfigurationPlatforms) = preSolution
		Debug|Any CPU = Debug|Any CPU
		Debug|x64 = Debug|x64
		Debug|x86 = Debug|x86
		LocalDebug|Any CPU = LocalDebug|Any CPU
		LocalDebug|x64 = LocalDebug|x64
		LocalDebug|x86 = LocalDebug|x86
		Release|Any CPU = Release|Any CPU
		Release|x64 = Release|x64
		Release|x86 = Release|x86
	EndGlobalSection
	GlobalSection(ProjectConfigurationPlatforms) = postSolution
		{D874E185-08FE-48C5-BADE-0FE84060C978}.Debug|Any CPU.ActiveCfg = Debug|Any CPU
		{D874E185-08FE-48C5-BADE-0FE84060C978}.Debug|Any CPU.Build.0 = Debug|Any CPU
		{D874E185-08FE-48C5-BADE-0FE84060C978}.Debug|x64.ActiveCfg = Debug|x64
		{D874E185-08FE-48C5-BADE-0FE84060C978}.Debug|x64.Build.0 = Debug|x64
		{D874E185-08FE-48C5-BADE-0FE84060C978}.Debug|x86.ActiveCfg = Debug|x86
		{D874E185-08FE-48C5-BADE-0FE84060C978}.Debug|x86.Build.0 = Debug|x86
		{D874E185-08FE-48C5-BADE-0FE84060C978}.LocalDebug|Any CPU.ActiveCfg = Debug|Any CPU
		{D874E185-08FE-48C5-BADE-0FE84060C978}.LocalDebug|Any CPU.Build.0 = Debug|Any CPU
		{D874E185-08FE-48C5-BADE-0FE84060C978}.LocalDebug|x64.ActiveCfg = Debug|x64
		{D874E185-08FE-48C5-BADE-0FE84060C978}.LocalDebug|x64.Build.0 = Debug|x64
		{D874E185-08FE-48C5-BADE-0FE84060C978}.LocalDebug|x86.ActiveCfg = Debug|x86
		{D874E185-08FE-48C5-BADE-0FE84060C978}.LocalDebug|x86.Build.0 = Debug|x86
		{D874E185-08FE-48C5-BADE-0FE84060C978}.Release|Any CPU.ActiveCfg = Release|x86
		{D874E185-08FE-48C5-BADE-0FE84060C978}.Release|x64.ActiveCfg = Release|x64
		{D874E185-08FE-48C5-BADE-0FE84060C978}.Release|x64.Build.0 = Release|x64
		{D874E185-08FE-48C5-BADE-0FE84060C978}.Release|x86.ActiveCfg = Release|x86
		{D874E185-08FE-48C5-BADE-0FE84060C978}.Release|x86.Build.0 = Release|x86
		{288265D6-3A52-46A9-9B15-2BAD1B9F3C02}.Debug|Any CPU.ActiveCfg = Debug
		{288265D6-3A52-46A9-9B15-2BAD1B9F3C02}.Debug|Any CPU.Build.0 = Debug
		{288265D6-3A52-46A9-9B15-2BAD1B9F3C02}.Debug|x64.ActiveCfg = Debug
		{288265D6-3A52-46A9-9B15-2BAD1B9F3C02}.Debug|x64.Build.0 = Debug
		{288265D6-3A52-46A9-9B15-2BAD1B9F3C02}.Debug|x86.ActiveCfg = Debug
		{288265D6-3A52-46A9-9B15-2BAD1B9F3C02}.Debug|x86.Build.0 = Debug
		{288265D6-3A52-46A9-9B15-2BAD1B9F3C02}.LocalDebug|Any CPU.ActiveCfg = LocalDebug
		{288265D6-3A52-46A9-9B15-2BAD1B9F3C02}.LocalDebug|Any CPU.Build.0 = LocalDebug
		{288265D6-3A52-46A9-9B15-2BAD1B9F3C02}.LocalDebug|x64.ActiveCfg = LocalDebug
		{288265D6-3A52-46A9-9B15-2BAD1B9F3C02}.LocalDebug|x64.Build.0 = LocalDebug
		{288265D6-3A52-46A9-9B15-2BAD1B9F3C02}.LocalDebug|x86.ActiveCfg = LocalDebug
		{288265D6-3A52-46A9-9B15-2BAD1B9F3C02}.LocalDebug|x86.Build.0 = LocalDebug
		{288265D6-3A52-46A9-9B15-2BAD1B9F3C02}.Release|Any CPU.ActiveCfg = Release
		{288265D6-3A52-46A9-9B15-2BAD1B9F3C02}.Release|x64.ActiveCfg = Release
		{288265D6-3A52-46A9-9B15-2BAD1B9F3C02}.Release|x86.ActiveCfg = Release
		{288265D6-3A52-46A9-9B15-2BAD1B9F3C02}.Release|x86.Build.0 = Release
		{610B97A7-752E-4501-8415-A40251735F85}.Debug|Any CPU.ActiveCfg = Debug
		{610B97A7-752E-4501-8415-A40251735F85}.Debug|Any CPU.Build.0 = Debug
		{610B97A7-752E-4501-8415-A40251735F85}.Debug|x64.ActiveCfg = Debug
		{610B97A7-752E-4501-8415-A40251735F85}.Debug|x64.Build.0 = Debug
		{610B97A7-752E-4501-8415-A40251735F85}.Debug|x86.ActiveCfg = Debug
		{610B97A7-752E-4501-8415-A40251735F85}.Debug|x86.Build.0 = Debug
		{610B97A7-752E-4501-8415-A40251735F85}.LocalDebug|Any CPU.ActiveCfg = LocalDebug
		{610B97A7-752E-4501-8415-A40251735F85}.LocalDebug|Any CPU.Build.0 = LocalDebug
		{610B97A7-752E-4501-8415-A40251735F85}.LocalDebug|x64.ActiveCfg = LocalDebug
		{610B97A7-752E-4501-8415-A40251735F85}.LocalDebug|x64.Build.0 = LocalDebug
		{610B97A7-752E-4501-8415-A40251735F85}.LocalDebug|x86.ActiveCfg = LocalDebug
		{610B97A7-752E-4501-8415-A40251735F85}.LocalDebug|x86.Build.0 = LocalDebug
		{610B97A7-752E-4501-8415-A40251735F85}.Release|Any CPU.ActiveCfg = Release
		{610B97A7-752E-4501-8415-A40251735F85}.Release|Any CPU.Build.0 = Release
		{610B97A7-752E-4501-8415-A40251735F85}.Release|x64.ActiveCfg = Release
		{610B97A7-752E-4501-8415-A40251735F85}.Release|x64.Build.0 = Release
		{610B97A7-752E-4501-8415-A40251735F85}.Release|x86.ActiveCfg = Release
		{610B97A7-752E-4501-8415-A40251735F85}.Release|x86.Build.0 = Release
		{8D6C72E6-E27E-41E5-892E-949364613BB6}.Debug|Any CPU.ActiveCfg = Debug|Any CPU
		{8D6C72E6-E27E-41E5-892E-949364613BB6}.Debug|Any CPU.Build.0 = Debug|Any CPU
		{8D6C72E6-E27E-41E5-892E-949364613BB6}.Debug|x64.ActiveCfg = Debug|Any CPU
		{8D6C72E6-E27E-41E5-892E-949364613BB6}.Debug|x64.Build.0 = Debug|Any CPU
		{8D6C72E6-E27E-41E5-892E-949364613BB6}.Debug|x86.ActiveCfg = Debug|Any CPU
		{8D6C72E6-E27E-41E5-892E-949364613BB6}.Debug|x86.Build.0 = Debug|Any CPU
		{8D6C72E6-E27E-41E5-892E-949364613BB6}.LocalDebug|Any CPU.ActiveCfg = Debug|Any CPU
		{8D6C72E6-E27E-41E5-892E-949364613BB6}.LocalDebug|Any CPU.Build.0 = Debug|Any CPU
		{8D6C72E6-E27E-41E5-892E-949364613BB6}.LocalDebug|x64.ActiveCfg = Debug|Any CPU
		{8D6C72E6-E27E-41E5-892E-949364613BB6}.LocalDebug|x64.Build.0 = Debug|Any CPU
		{8D6C72E6-E27E-41E5-892E-949364613BB6}.LocalDebug|x86.ActiveCfg = Debug|Any CPU
		{8D6C72E6-E27E-41E5-892E-949364613BB6}.LocalDebug|x86.Build.0 = Debug|Any CPU
		{8D6C72E6-E27E-41E5-892E-949364613BB6}.Release|Any CPU.ActiveCfg = Release|Any CPU
		{8D6C72E6-E27E-41E5-892E-949364613BB6}.Release|Any CPU.Build.0 = Release|Any CPU
		{8D6C72E6-E27E-41E5-892E-949364613BB6}.Release|x64.ActiveCfg = Release|Any CPU
		{8D6C72E6-E27E-41E5-892E-949364613BB6}.Release|x64.Build.0 = Release|Any CPU
		{8D6C72E6-E27E-41E5-892E-949364613BB6}.Release|x86.ActiveCfg = Release|Any CPU
		{8D6C72E6-E27E-41E5-892E-949364613BB6}.Release|x86.Build.0 = Release|Any CPU
	EndGlobalSection
	GlobalSection(SolutionProperties) = preSolution
		HideSolutionNode = FALSE
	EndGlobalSection
	GlobalSection(ExtensibilityGlobals) = postSolution
		SolutionGuid = {7CA81896-EE9C-4118-BA8D-B3721F38ED3C}
	EndGlobalSection
EndGlobal
